// !$*UTF8*$!
{
	archiveVersion = 1;
	classes = {
	};
	objectVersion = 56;
	objects = {

/* Begin PBXBuildFile section */
		F8D1B88F2A4DCF9000D7BA8F /* AppDelegate.swift in Sources */ = {isa = PBXBuildFile; fileRef = F8D1B88E2A4DCF9000D7BA8F /* AppDelegate.swift */; };
		F8D1B8912A4DCF9000D7BA8F /* SceneDelegate.swift in Sources */ = {isa = PBXBuildFile; fileRef = F8D1B8902A4DCF9000D7BA8F /* SceneDelegate.swift */; };
		F8D1B8932A4DCF9000D7BA8F /* ViewController.swift in Sources */ = {isa = PBXBuildFile; fileRef = F8D1B8922A4DCF9000D7BA8F /* ViewController.swift */; };
		F8D1B8962A4DCF9000D7BA8F /* Main.storyboard in Resources */ = {isa = PBXBuildFile; fileRef = F8D1B8942A4DCF9000D7BA8F /* Main.storyboard */; };
		F8D1B8982A4DCF9100D7BA8F /* Assets.xcassets in Resources */ = {isa = PBXBuildFile; fileRef = F8D1B8972A4DCF9100D7BA8F /* Assets.xcassets */; };
		F8D1B89B2A4DCF9100D7BA8F /* LaunchScreen.storyboard in Resources */ = {isa = PBXBuildFile; fileRef = F8D1B8992A4DCF9100D7BA8F /* LaunchScreen.storyboard */; };
		F8FBCECE2A4DD044007EFB93 /* CropViewController.swift in Sources */ = {isa = PBXBuildFile; fileRef = F8FBCECD2A4DD044007EFB93 /* CropViewController.swift */; };
/* End PBXBuildFile section */

/* Begin PBXFileReference section */
		F8D1B88B2A4DCF9000D7BA8F /* CropImageNextStepSwift.app */ = {isa = PBXFileReference; explicitFileType = wrapper.application; includeInIndex = 0; path = CropImageNextStepSwift.app; sourceTree = BUILT_PRODUCTS_DIR; };
		F8D1B88E2A4DCF9000D7BA8F /* AppDelegate.swift */ = {isa = PBXFileReference; lastKnownFileType = sourcecode.swift; path = AppDelegate.swift; sourceTree = "<group>"; };
		F8D1B8902A4DCF9000D7BA8F /* SceneDelegate.swift */ = {isa = PBXFileReference; lastKnownFileType = sourcecode.swift; path = SceneDelegate.swift; sourceTree = "<group>"; };
		F8D1B8922A4DCF9000D7BA8F /* ViewController.swift */ = {isa = PBXFileReference; lastKnownFileType = sourcecode.swift; path = ViewController.swift; sourceTree = "<group>"; };
		F8D1B8952A4DCF9000D7BA8F /* Base */ = {isa = PBXFileReference; lastKnownFileType = file.storyboard; name = Base; path = Base.lproj/Main.storyboard; sourceTree = "<group>"; };
		F8D1B8972A4DCF9100D7BA8F /* Assets.xcassets */ = {isa = PBXFileReference; lastKnownFileType = folder.assetcatalog; path = Assets.xcassets; sourceTree = "<group>"; };
		F8D1B89A2A4DCF9100D7BA8F /* Base */ = {isa = PBXFileReference; lastKnownFileType = file.storyboard; name = Base; path = Base.lproj/LaunchScreen.storyboard; sourceTree = "<group>"; };
		F8D1B89C2A4DCF9100D7BA8F /* Info.plist */ = {isa = PBXFileReference; lastKnownFileType = text.plist.xml; path = Info.plist; sourceTree = "<group>"; };
		F8FBCECD2A4DD044007EFB93 /* CropViewController.swift */ = {isa = PBXFileReference; lastKnownFileType = sourcecode.swift; path = CropViewController.swift; sourceTree = "<group>"; };
/* End PBXFileReference section */

/* Begin PBXFrameworksBuildPhase section */
		F8D1B8882A4DCF9000D7BA8F /* Frameworks */ = {
			isa = PBXFrameworksBuildPhase;
			buildActionMask = 2147483647;
			files = (
			);
			runOnlyForDeploymentPostprocessing = 0;
		};
/* End PBXFrameworksBuildPhase section */

/* Begin PBXGroup section */
		F8D1B8822A4DCF8F00D7BA8F = {
			isa = PBXGroup;
			children = (
				F8D1B88D2A4DCF9000D7BA8F /* CropImageNextStepSwift */,
				F8D1B88C2A4DCF9000D7BA8F /* Products */,
			);
			sourceTree = "<group>";
		};
		F8D1B88C2A4DCF9000D7BA8F /* Products */ = {
			isa = PBXGroup;
			children = (
				F8D1B88B2A4DCF9000D7BA8F /* CropImageNextStepSwift.app */,
			);
			name = Products;
			sourceTree = "<group>";
		};
		F8D1B88D2A4DCF9000D7BA8F /* CropImageNextStepSwift */ = {
			isa = PBXGroup;
			children = (
				F8D1B88E2A4DCF9000D7BA8F /* AppDelegate.swift */,
				F8D1B8902A4DCF9000D7BA8F /* SceneDelegate.swift */,
				F8D1B8922A4DCF9000D7BA8F /* ViewController.swift */,
				F8FBCECD2A4DD044007EFB93 /* CropViewController.swift */,
				F8D1B8942A4DCF9000D7BA8F /* Main.storyboard */,
				F8D1B8972A4DCF9100D7BA8F /* Assets.xcassets */,
				F8D1B8992A4DCF9100D7BA8F /* LaunchScreen.storyboard */,
				F8D1B89C2A4DCF9100D7BA8F /* Info.plist */,
			);
			path = CropImageNextStepSwift;
			sourceTree = "<group>";
		};
/* End PBXGroup section */

/* Begin PBXNativeTarget section */
		F8D1B88A2A4DCF9000D7BA8F /* CropImageNextStepSwift */ = {
			isa = PBXNativeTarget;
			buildConfigurationList = F8D1B89F2A4DCF9100D7BA8F /* Build configuration list for PBXNativeTarget "CropImageNextStepSwift" */;
			buildPhases = (
				F8D1B8872A4DCF9000D7BA8F /* Sources */,
				F8D1B8882A4DCF9000D7BA8F /* Frameworks */,
				F8D1B8892A4DCF9000D7BA8F /* Resources */,
			);
			buildRules = (
			);
			dependencies = (
			);
			name = CropImageNextStepSwift;
			productName = CropImageNextStepSwift;
			productReference = F8D1B88B2A4DCF9000D7BA8F /* CropImageNextStepSwift.app */;
			productType = "com.apple.product-type.application";
		};
/* End PBXNativeTarget section */

/* Begin PBXProject section */
		F8D1B8832A4DCF8F00D7BA8F /* Project object */ = {
			isa = PBXProject;
			attributes = {
				BuildIndependentTargetsInParallel = 1;
				LastSwiftUpdateCheck = 1430;
				LastUpgradeCheck = 1430;
				TargetAttributes = {
					F8D1B88A2A4DCF9000D7BA8F = {
						CreatedOnToolsVersion = 14.3;
					};
				};
			};
			buildConfigurationList = F8D1B8862A4DCF8F00D7BA8F /* Build configuration list for PBXProject "CropImageNextStepSwift" */;
			compatibilityVersion = "Xcode 14.0";
			developmentRegion = en;
			hasScannedForEncodings = 0;
			knownRegions = (
				en,
				Base,
			);
			mainGroup = F8D1B8822A4DCF8F00D7BA8F;
			productRefGroup = F8D1B88C2A4DCF9000D7BA8F /* Products */;
			projectDirPath = "";
			projectRoot = "";
			targets = (
				F8D1B88A2A4DCF9000D7BA8F /* CropImageNextStepSwift */,
			);
		};
/* End PBXProject section */

/* Begin PBXResourcesBuildPhase section */
		F8D1B8892A4DCF9000D7BA8F /* Resources */ = {
			isa = PBXResourcesBuildPhase;
			buildActionMask = 2147483647;
			files = (
				F8D1B89B2A4DCF9100D7BA8F /* LaunchScreen.storyboard in Resources */,
				F8D1B8982A4DCF9100D7BA8F /* Assets.xcassets in Resources */,
				F8D1B8962A4DCF9000D7BA8F /* Main.storyboard in Resources */,
			);
			runOnlyForDeploymentPostprocessing = 0;
		};
/* End PBXResourcesBuildPhase section */

/* Begin PBXSourcesBuildPhase section */
		F8D1B8872A4DCF9000D7BA8F /* Sources */ = {
			isa = PBXSourcesBuildPhase;
			buildActionMask = 2147483647;
			files = (
				F8D1B8932A4DCF9000D7BA8F /* ViewController.swift in Sources */,
				F8D1B88F2A4DCF9000D7BA8F /* AppDelegate.swift in Sources */,
				F8FBCECE2A4DD044007EFB93 /* CropViewController.swift in Sources */,
				F8D1B8912A4DCF9000D7BA8F /* SceneDelegate.swift in Sources */,
			);
			runOnlyForDeploymentPostprocessing = 0;
		};
/* End PBXSourcesBuildPhase section */

/* Begin PBXVariantGroup section */
		F8D1B8942A4DCF9000D7BA8F /* Main.storyboard */ = {
			isa = PBXVariantGroup;
			children = (
				F8D1B8952A4DCF9000D7BA8F /* Base */,
			);
			name = Main.storyboard;
			sourceTree = "<group>";
		};
		F8D1B8992A4DCF9100D7BA8F /* LaunchScreen.storyboard */ = {
			isa = PBXVariantGroup;
			children = (
				F8D1B89A2A4DCF9100D7BA8F /* Base */,
			);
			name = LaunchScreen.storyboard;
			sourceTree = "<group>";
		};
/* End PBXVariantGroup section */

/* Begin XCBuildConfiguration section */
		F8D1B89D2A4DCF9100D7BA8F /* Debug */ = {
			isa = XCBuildConfiguration;
			buildSettings = {
				ALWAYS_SEARCH_USER_PATHS = NO;
				CLANG_ANALYZER_NONNULL = YES;
				CLANG_ANALYZER_NUMBER_OBJECT_CONVERSION = YES_AGGRESSIVE;
				CLANG_CXX_LANGUAGE_STANDARD = "gnu++20";
				CLANG_ENABLE_MODULES = YES;
				CLANG_ENABLE_OBJC_ARC = YES;
				CLANG_ENABLE_OBJC_WEAK = YES;
				CLANG_WARN_BLOCK_CAPTURE_AUTORELEASING = YES;
				CLANG_WARN_BOOL_CONVERSION = YES;
				CLANG_WARN_COMMA = YES;
				CLANG_WARN_CONSTANT_CONVERSION = YES;
				CLANG_WARN_DEPRECATED_OBJC_IMPLEMENTATIONS = YES;
				CLANG_WARN_DIRECT_OBJC_ISA_USAGE = YES_ERROR;
				CLANG_WARN_DOCUMENTATION_COMMENTS = YES;
				CLANG_WARN_EMPTY_BODY = YES;
				CLANG_WARN_ENUM_CONVERSION = YES;
				CLANG_WARN_INFINITE_RECURSION = YES;
				CLANG_WARN_INT_CONVERSION = YES;
				CLANG_WARN_NON_LITERAL_NULL_CONVERSION = YES;
				CLANG_WARN_OBJC_IMPLICIT_RETAIN_SELF = YES;
				CLANG_WARN_OBJC_LITERAL_CONVERSION = YES;
				CLANG_WARN_OBJC_ROOT_CLASS = YES_ERROR;
				CLANG_WARN_QUOTED_INCLUDE_IN_FRAMEWORK_HEADER = YES;
				CLANG_WARN_RANGE_LOOP_ANALYSIS = YES;
				CLANG_WARN_STRICT_PROTOTYPES = YES;
				CLANG_WARN_SUSPICIOUS_MOVE = YES;
				CLANG_WARN_UNGUARDED_AVAILABILITY = YES_AGGRESSIVE;
				CLANG_WARN_UNREACHABLE_CODE = YES;
				CLANG_WARN__DUPLICATE_METHOD_MATCH = YES;
				COPY_PHASE_STRIP = NO;
				DEBUG_INFORMATION_FORMAT = dwarf;
				ENABLE_STRICT_OBJC_MSGSEND = YES;
				ENABLE_TESTABILITY = YES;
				GCC_C_LANGUAGE_STANDARD = gnu11;
				GCC_DYNAMIC_NO_PIC = NO;
				GCC_NO_COMMON_BLOCKS = YES;
				GCC_OPTIMIZATION_LEVEL = 0;
				GCC_PREPROCESSOR_DEFINITIONS = (
					"DEBUG=1",
					"$(inherited)",
				);
				GCC_WARN_64_TO_32_BIT_CONVERSION = YES;
				GCC_WARN_ABOUT_RETURN_TYPE = YES_ERROR;
				GCC_WARN_UNDECLARED_SELECTOR = YES;
				GCC_WARN_UNINITIALIZED_AUTOS = YES_AGGRESSIVE;
				GCC_WARN_UNUSED_FUNCTION = YES;
				GCC_WARN_UNUSED_VARIABLE = YES;
				IPHONEOS_DEPLOYMENT_TARGET = 16.4;
				MTL_ENABLE_DEBUG_INFO = INCLUDE_SOURCE;
				MTL_FAST_MATH = YES;
				ONLY_ACTIVE_ARCH = YES;
				SDKROOT = iphoneos;
				SWIFT_ACTIVE_COMPILATION_CONDITIONS = DEBUG;
				SWIFT_OPTIMIZATION_LEVEL = "-Onone";
			};
			name = Debug;
		};
		F8D1B89E2A4DCF9100D7BA8F /* Release */ = {
			isa = XCBuildConfiguration;
			buildSettings = {
				ALWAYS_SEARCH_USER_PATHS = NO;
				CLANG_ANALYZER_NONNULL = YES;
				CLANG_ANALYZER_NUMBER_OBJECT_CONVERSION = YES_AGGRESSIVE;
				CLANG_CXX_LANGUAGE_STANDARD = "gnu++20";
				CLANG_ENABLE_MODULES = YES;
				CLANG_ENABLE_OBJC_ARC = YES;
				CLANG_ENABLE_OBJC_WEAK = YES;
				CLANG_WARN_BLOCK_CAPTURE_AUTORELEASING = YES;
				CLANG_WARN_BOOL_CONVERSION = YES;
				CLANG_WARN_COMMA = YES;
				CLANG_WARN_CONSTANT_CONVERSION = YES;
				CLANG_WARN_DEPRECATED_OBJC_IMPLEMENTATIONS = YES;
				CLANG_WARN_DIRECT_OBJC_ISA_USAGE = YES_ERROR;
				CLANG_WARN_DOCUMENTATION_COMMENTS = YES;
				CLANG_WARN_EMPTY_BODY = YES;
				CLANG_WARN_ENUM_CONVERSION = YES;
				CLANG_WARN_INFINITE_RECURSION = YES;
				CLANG_WARN_INT_CONVERSION = YES;
				CLANG_WARN_NON_LITERAL_NULL_CONVERSION = YES;
				CLANG_WARN_OBJC_IMPLICIT_RETAIN_SELF = YES;
				CLANG_WARN_OBJC_LITERAL_CONVERSION = YES;
				CLANG_WARN_OBJC_ROOT_CLASS = YES_ERROR;
				CLANG_WARN_QUOTED_INCLUDE_IN_FRAMEWORK_HEADER = YES;
				CLANG_WARN_RANGE_LOOP_ANALYSIS = YES;
				CLANG_WARN_STRICT_PROTOTYPES = YES;
				CLANG_WARN_SUSPICIOUS_MOVE = YES;
				CLANG_WARN_UNGUARDED_AVAILABILITY = YES_AGGRESSIVE;
				CLANG_WARN_UNREACHABLE_CODE = YES;
				CLANG_WARN__DUPLICATE_METHOD_MATCH = YES;
				COPY_PHASE_STRIP = NO;
				DEBUG_INFORMATION_FORMAT = "dwarf-with-dsym";
				ENABLE_NS_ASSERTIONS = NO;
				ENABLE_STRICT_OBJC_MSGSEND = YES;
				GCC_C_LANGUAGE_STANDARD = gnu11;
				GCC_NO_COMMON_BLOCKS = YES;
				GCC_WARN_64_TO_32_BIT_CONVERSION = YES;
				GCC_WARN_ABOUT_RETURN_TYPE = YES_ERROR;
				GCC_WARN_UNDECLARED_SELECTOR = YES;
				GCC_WARN_UNINITIALIZED_AUTOS = YES_AGGRESSIVE;
				GCC_WARN_UNUSED_FUNCTION = YES;
				GCC_WARN_UNUSED_VARIABLE = YES;
				IPHONEOS_DEPLOYMENT_TARGET = 16.4;
				MTL_ENABLE_DEBUG_INFO = NO;
				MTL_FAST_MATH = YES;
				SDKROOT = iphoneos;
				SWIFT_COMPILATION_MODE = wholemodule;
				SWIFT_OPTIMIZATION_LEVEL = "-O";
				VALIDATE_PRODUCT = YES;
			};
			name = Release;
		};
		F8D1B8A02A4DCF9100D7BA8F /* Debug */ = {
			isa = XCBuildConfiguration;
			buildSettings = {
				ASSETCATALOG_COMPILER_APPICON_NAME = AppIcon;
				ASSETCATALOG_COMPILER_GLOBAL_ACCENT_COLOR_NAME = AccentColor;
				CODE_SIGN_IDENTITY = "Apple Development";
				CODE_SIGN_STYLE = Automatic;
				CURRENT_PROJECT_VERSION = 1;
				DEVELOPMENT_TEAM = UUW7T38LGA;
				GENERATE_INFOPLIST_FILE = YES;
				INFOPLIST_FILE = CropImageNextStepSwift/Info.plist;
				INFOPLIST_KEY_NSCameraUsageDescription = "O app deseja ter acesso a camera";
				INFOPLIST_KEY_UIApplicationSupportsIndirectInputEvents = YES;
				INFOPLIST_KEY_UILaunchStoryboardName = LaunchScreen;
				INFOPLIST_KEY_UISupportedInterfaceOrientations_iPad = "UIInterfaceOrientationPortrait UIInterfaceOrientationPortraitUpsideDown UIInterfaceOrientationLandscapeLeft UIInterfaceOrientationLandscapeRight";
				INFOPLIST_KEY_UISupportedInterfaceOrientations_iPhone = "UIInterfaceOrientationPortrait UIInterfaceOrientationLandscapeLeft UIInterfaceOrientationLandscapeRight";
				LD_RUNPATH_SEARCH_PATHS = (
					"$(inherited)",
					"@executable_path/Frameworks",
				);
				MARKETING_VERSION = 1.0;
				PRODUCT_BUNDLE_IDENTIFIER = App.CropImageNextStepSwift;
				PRODUCT_NAME = "$(TARGET_NAME)";
				PROVISIONING_PROFILE_SPECIFIER = "";
				SWIFT_EMIT_LOC_STRINGS = YES;
				SWIFT_VERSION = 5.0;
				TARGETED_DEVICE_FAMILY = "1,2";
			};
			name = Debug;
		};
		F8D1B8A12A4DCF9100D7BA8F /* Release */ = {
			isa = XCBuildConfiguration;
			buildSettings = {
				ASSETCATALOG_COMPILER_APPICON_NAME = AppIcon;
				ASSETCATALOG_COMPILER_GLOBAL_ACCENT_COLOR_NAME = AccentColor;
				CODE_SIGN_IDENTITY = "Apple Development";
				CODE_SIGN_STYLE = Automatic;
				CURRENT_PROJECT_VERSION = 1;
				DEVELOPMENT_TEAM = UUW7T38LGA;
				GENERATE_INFOPLIST_FILE = YES;
				INFOPLIST_FILE = CropImageNextStepSwift/Info.plist;
				INFOPLIST_KEY_NSCameraUsageDescription = "O app deseja ter acesso a camera";
				INFOPLIST_KEY_UIApplicationSupportsIndirectInputEvents = YES;
				INFOPLIST_KEY_UILaunchStoryboardName = LaunchScreen;
				INFOPLIST_KEY_UISupportedInterfaceOrientations_iPad = "UIInterfaceOrientationPortrait UIInterfaceOrientationPortraitUpsideDown UIInterfaceOrientationLandscapeLeft UIInterfaceOrientationLandscapeRight";
				INFOPLIST_KEY_UISupportedInterfaceOrientations_iPhone = "UIInterfaceOrientationPortrait UIInterfaceOrientationLandscapeLeft UIInterfaceOrientationLandscapeRight";
				LD_RUNPATH_SEARCH_PATHS = (
					"$(inherited)",
					"@executable_path/Frameworks",
				);
				MARKETING_VERSION = 1.0;
				PRODUCT_BUNDLE_IDENTIFIER = App.CropImageNextStepSwift;
				PRODUCT_NAME = "$(TARGET_NAME)";
				PROVISIONING_PROFILE_SPECIFIER = "";
				SWIFT_EMIT_LOC_STRINGS = YES;
				SWIFT_VERSION = 5.0;
				TARGETED_DEVICE_FAMILY = "1,2";
			};
			name = Release;
		};
/* End XCBuildConfiguration section */

/* Begin XCConfigurationList section */
		F8D1B8862A4DCF8F00D7BA8F /* Build configuration list for PBXProject "CropImageNextStepSwift" */ = {
			isa = XCConfigurationList;
			buildConfigurations = (
				F8D1B89D2A4DCF9100D7BA8F /* Debug */,
				F8D1B89E2A4DCF9100D7BA8F /* Release */,
			);
			defaultConfigurationIsVisible = 0;
			defaultConfigurationName = Release;
		};
		F8D1B89F2A4DCF9100D7BA8F /* Build configuration list for PBXNativeTarget "CropImageNextStepSwift" */ = {
			isa = XCConfigurationList;
			buildConfigurations = (
				F8D1B8A02A4DCF9100D7BA8F /* Debug */,
				F8D1B8A12A4DCF9100D7BA8F /* Release */,
			);
			defaultConfigurationIsVisible = 0;
			defaultConfigurationName = Release;
		};
/* End XCConfigurationList section */
	};
	rootObject = F8D1B8832A4DCF8F00D7BA8F /* Project object */;
}
